
Microsoft Visual Studio Solution File, Format Version 12.00
Project("{FAE04EC0-301F-11D3-BF4B-00C04F79EFBC}") = "GameServers", "GameServers\GameServers.csproj", "{FB897F52-CD4B-4994-B008-356B23D4B38F}"
EndProject
Project("{FAE04EC0-301F-11D3-BF4B-00C04F79EFBC}") = "GameProtos", "GameProtos\GameProtos.csproj", "{073A13D2-2579-4007-90BB-D325E5904121}"
EndProject
Project("{FAE04EC0-301F-11D3-BF4B-00C04F79EFBC}") = "Test", "Test\Test.csproj", "{3EA2687A-F11D-410E-B372-9D4C9200609D}"
EndProject
Global
	GlobalSection(SolutionConfigurationPlatforms) = preSolution
		Debug|Any CPU = Debug|Any CPU
		Release|Any CPU = Release|Any CPU
	EndGlobalSection
	GlobalSection(ProjectConfigurationPlatforms) = postSolution
		{FB897F52-CD4B-4994-B008-356B23D4B38F}.Debug|Any CPU.ActiveCfg = Debug|Any CPU
		{FB897F52-CD4B-4994-B008-356B23D4B38F}.Debug|Any CPU.Build.0 = Debug|Any CPU
		{FB897F52-CD4B-4994-B008-356B23D4B38F}.Release|Any CPU.ActiveCfg = Release|Any CPU
		{FB897F52-CD4B-4994-B008-356B23D4B38F}.Release|Any CPU.Build.0 = Release|Any CPU
		{073A13D2-2579-4007-90BB-D325E5904121}.Debug|Any CPU.ActiveCfg = Debug|Any CPU
		{073A13D2-2579-4007-90BB-D325E5904121}.Debug|Any CPU.Build.0 = Debug|Any CPU
		{073A13D2-2579-4007-90BB-D325E5904121}.Release|Any CPU.ActiveCfg = Release|Any CPU
		{073A13D2-2579-4007-90BB-D325E5904121}.Release|Any CPU.Build.0 = Release|Any CPU
		{3EA2687A-F11D-410E-B372-9D4C9200609D}.Debug|Any CPU.ActiveCfg = Debug|Any CPU
		{3EA2687A-F11D-410E-B372-9D4C9200609D}.Debug|Any CPU.Build.0 = Debug|Any CPU
		{3EA2687A-F11D-410E-B372-9D4C9200609D}.Release|Any CPU.ActiveCfg = Release|Any CPU
		{3EA2687A-F11D-410E-B372-9D4C9200609D}.Release|Any CPU.Build.0 = Release|Any CPU
	EndGlobalSection
EndGlobal
